
Microsoft Visual Studio Solution File, Format Version 12.00
# Visual Studio 15
VisualStudioVersion = 15.0.27130.2024
MinimumVisualStudioVersion = 10.0.40219.1
Project("{FAE04EC0-301F-11D3-BF4B-00C04F79EFBC}") = "PasswordHashing", "PasswordHashing\PasswordHashing.csproj", "{CCDA974B-1458-4DBC-84A8-6528631DB91F}"
EndProject
Global
	GlobalSection(SolutionConfigurationPlatforms) = preSolution
		Debug|Any CPU = Debug|Any CPU
		Release|Any CPU = Release|Any CPU
	EndGlobalSection
	GlobalSection(ProjectConfigurationPlatforms) = postSolution
		{CCDA974B-1458-4DBC-84A8-6528631DB91F}.Debug|Any CPU.ActiveCfg = Debug|Any CPU
		{CCDA974B-1458-4DBC-84A8-6528631DB91F}.Debug|Any CPU.Build.0 = Debug|Any CPU
		{CCDA974B-1458-4DBC-84A8-6528631DB91F}.Release|Any CPU.ActiveCfg = Release|Any CPU
		{CCDA974B-1458-4DBC-84A8-6528631DB91F}.Release|Any CPU.Build.0 = Release|Any CPU
	EndGlobalSection
	GlobalSection(SolutionProperties) = preSolution
		HideSolutionNode = FALSE
	EndGlobalSection
	GlobalSection(ExtensibilityGlobals) = postSolution
		SolutionGuid = {250A9D9D-4190-48FC-A8FB-203E45DEC837}
	EndGlobalSection
EndGlobal
